// !$*UTF8*$!
{
	archiveVersion = 1;
	classes = {
	};
	objectVersion = 55;
	objects = {

/* Begin PBXBuildFile section */
		7ABE00DC279844D500B60894 /* EventAppApp.swift in Sources */ = {isa = PBXBuildFile; fileRef = 7ABE00DB279844D500B60894 /* EventAppApp.swift */; };
		7ABE00DE279844D500B60894 /* ContentView.swift in Sources */ = {isa = PBXBuildFile; fileRef = 7ABE00DD279844D500B60894 /* ContentView.swift */; };
		7ABE00E0279844D600B60894 /* Assets.xcassets in Resources */ = {isa = PBXBuildFile; fileRef = 7ABE00DF279844D600B60894 /* Assets.xcassets */; };
		7ABE00E3279844D600B60894 /* Preview Assets.xcassets in Resources */ = {isa = PBXBuildFile; fileRef = 7ABE00E2279844D600B60894 /* Preview Assets.xcassets */; };
		7AF589A0279D87A00088EFCD /* Party.swift in Sources */ = {isa = PBXBuildFile; fileRef = 7AF5899F279D87A00088EFCD /* Party.swift */; };
		7AF589C627A0145B0088EFCD /* Sweet.swift in Sources */ = {isa = PBXBuildFile; fileRef = 7AF589C527A0145B0088EFCD /* Sweet.swift */; };
		7AF589C827A03FB50088EFCD /* Wedding.swift in Sources */ = {isa = PBXBuildFile; fileRef = 7AF589C727A03FB50088EFCD /* Wedding.swift */; };
		7AF589CA27A044DB0088EFCD /* Resort.swift in Sources */ = {isa = PBXBuildFile; fileRef = 7AF589C927A044DB0088EFCD /* Resort.swift */; };
		7AF589CE27A17B7A0088EFCD /* Login.swift in Sources */ = {isa = PBXBuildFile; fileRef = 7AF589CD27A17B7A0088EFCD /* Login.swift */; };
		7AF589D027A17BFF0088EFCD /* PayPage.swift in Sources */ = {isa = PBXBuildFile; fileRef = 7AF589CF27A17BFF0088EFCD /* PayPage.swift */; };
/* End PBXBuildFile section */

/* Begin PBXFileReference section */
		7ABE00D8279844D500B60894 /* EventApp.app */ = {isa = PBXFileReference; explicitFileType = wrapper.application; includeInIndex = 0; path = EventApp.app; sourceTree = BUILT_PRODUCTS_DIR; };
		7ABE00DB279844D500B60894 /* EventAppApp.swift */ = {isa = PBXFileReference; lastKnownFileType = sourcecode.swift; path = EventAppApp.swift; sourceTree = "<group>"; };
		7ABE00DD279844D500B60894 /* ContentView.swift */ = {isa = PBXFileReference; lastKnownFileType = sourcecode.swift; path = ContentView.swift; sourceTree = "<group>"; };
		7ABE00DF279844D600B60894 /* Assets.xcassets */ = {isa = PBXFileReference; lastKnownFileType = folder.assetcatalog; path = Assets.xcassets; sourceTree = "<group>"; };
		7ABE00E2279844D600B60894 /* Preview Assets.xcassets */ = {isa = PBXFileReference; lastKnownFileType = folder.assetcatalog; path = "Preview Assets.xcassets"; sourceTree = "<group>"; };
		7AF5899F279D87A00088EFCD /* Party.swift */ = {isa = PBXFileReference; lastKnownFileType = sourcecode.swift; path = Party.swift; sourceTree = "<group>"; };
		7AF589C527A0145B0088EFCD /* Sweet.swift */ = {isa = PBXFileReference; lastKnownFileType = sourcecode.swift; path = Sweet.swift; sourceTree = "<group>"; };
		7AF589C727A03FB50088EFCD /* Wedding.swift */ = {isa = PBXFileReference; lastKnownFileType = sourcecode.swift; path = Wedding.swift; sourceTree = "<group>"; };
		7AF589C927A044DB0088EFCD /* Resort.swift */ = {isa = PBXFileReference; lastKnownFileType = sourcecode.swift; path = Resort.swift; sourceTree = "<group>"; };
		7AF589CD27A17B7A0088EFCD /* Login.swift */ = {isa = PBXFileReference; lastKnownFileType = sourcecode.swift; path = Login.swift; sourceTree = "<group>"; };
		7AF589CF27A17BFF0088EFCD /* PayPage.swift */ = {isa = PBXFileReference; lastKnownFileType = sourcecode.swift; path = PayPage.swift; sourceTree = "<group>"; };
/* End PBXFileReference section */

/* Begin PBXFrameworksBuildPhase section */
		7ABE00D5279844D500B60894 /* Frameworks */ = {
			isa = PBXFrameworksBuildPhase;
			buildActionMask = 2147483647;
			files = (
			);
			runOnlyForDeploymentPostprocessing = 0;
		};
/* End PBXFrameworksBuildPhase section */

/* Begin PBXGroup section */
		7ABE00CF279844D400B60894 = {
			isa = PBXGroup;
			children = (
				7ABE00DA279844D500B60894 /* EventApp */,
				7ABE00D9279844D500B60894 /* Products */,
			);
			sourceTree = "<group>";
		};
		7ABE00D9279844D500B60894 /* Products */ = {
			isa = PBXGroup;
			children = (
				7ABE00D8279844D500B60894 /* EventApp.app */,
			);
			name = Products;
			sourceTree = "<group>";
		};
		7ABE00DA279844D500B60894 /* EventApp */ = {
			isa = PBXGroup;
			children = (
				7ABE00DB279844D500B60894 /* EventAppApp.swift */,
				7ABE00DD279844D500B60894 /* ContentView.swift */,
				7ABE00DF279844D600B60894 /* Assets.xcassets */,
				7ABE00E1279844D600B60894 /* Preview Content */,
				7AF5899F279D87A00088EFCD /* Party.swift */,
				7AF589C527A0145B0088EFCD /* Sweet.swift */,
				7AF589C727A03FB50088EFCD /* Wedding.swift */,
				7AF589C927A044DB0088EFCD /* Resort.swift */,
				7AF589CF27A17BFF0088EFCD /* PayPage.swift */,
				7AF589CD27A17B7A0088EFCD /* Login.swift */,
			);
			path = EventApp;
			sourceTree = "<group>";
		};
		7ABE00E1279844D600B60894 /* Preview Content */ = {
			isa = PBXGroup;
			children = (
				7ABE00E2279844D600B60894 /* Preview Assets.xcassets */,
			);
			path = "Preview Content";
			sourceTree = "<group>";
		};
/* End PBXGroup section */

/* Begin PBXNativeTarget section */
		7ABE00D7279844D500B60894 /* EventApp */ = {
			isa = PBXNativeTarget;
			buildConfigurationList = 7ABE00E6279844D600B60894 /* Build configuration list for PBXNativeTarget "EventApp" */;
			buildPhases = (
				7ABE00D4279844D500B60894 /* Sources */,
				7ABE00D5279844D500B60894 /* Frameworks */,
				7ABE00D6279844D500B60894 /* Resources */,
			);
			buildRules = (
			);
			dependencies = (
			);
			name = EventApp;
			productName = EventApp;
			productReference = 7ABE00D8279844D500B60894 /* EventApp.app */;
			productType = "com.apple.product-type.application";
		};
/* End PBXNativeTarget section */

/* Begin PBXProject section */
		7ABE00D0279844D400B60894 /* Project object */ = {
			isa = PBXProject;
			attributes = {
				BuildIndependentTargetsInParallel = 1;
				LastSwiftUpdateCheck = 1320;
				LastUpgradeCheck = 1320;
				TargetAttributes = {
					7ABE00D7279844D500B60894 = {
						CreatedOnToolsVersion = 13.2;
					};
				};
			};
			buildConfigurationList = 7ABE00D3279844D400B60894 /* Build configuration list for PBXProject "EventApp" */;
			compatibilityVersion = "Xcode 13.0";
			developmentRegion = en;
			hasScannedForEncodings = 0;
			knownRegions = (
				en,
				Base,
			);
			mainGroup = 7ABE00CF279844D400B60894;
			productRefGroup = 7ABE00D9279844D500B60894 /* Products */;
			projectDirPath = "";
			projectRoot = "";
			targets = (
				7ABE00D7279844D500B60894 /* EventApp */,
			);
		};
/* End PBXProject section */

/* Begin PBXResourcesBuildPhase section */
		7ABE00D6279844D500B60894 /* Resources */ = {
			isa = PBXResourcesBuildPhase;
			buildActionMask = 2147483647;
			files = (
				7ABE00E3279844D600B60894 /* Preview Assets.xcassets in Resources */,
				7ABE00E0279844D600B60894 /* Assets.xcassets in Resources */,
			);
			runOnlyForDeploymentPostprocessing = 0;
		};
/* End PBXResourcesBuildPhase section */

/* Begin PBXSourcesBuildPhase section */
		7ABE00D4279844D500B60894 /* Sources */ = {
			isa = PBXSourcesBuildPhase;
			buildActionMask = 2147483647;
			files = (
				7AF589A0279D87A00088EFCD /* Party.swift in Sources */,
				7ABE00DE279844D500B60894 /* ContentView.swift in Sources */,
				7AF589C627A0145B0088EFCD /* Sweet.swift in Sources */,
				7AF589C827A03FB50088EFCD /* Wedding.swift in Sources */,
				7AF589CA27A044DB0088EFCD /* Resort.swift in Sources */,
				7ABE00DC279844D500B60894 /* EventAppApp.swift in Sources */,
				7AF589CE27A17B7A0088EFCD /* Login.swift in Sources */,
				7AF589D027A17BFF0088EFCD /* PayPage.swift in Sources */,
			);
			runOnlyForDeploymentPostprocessing = 0;
		};
/* End PBXSourcesBuildPhase section */

/* Begin XCBuildConfiguration section */
		7ABE00E4279844D600B60894 /* Debug */ = {
			isa = XCBuildConfiguration;
			buildSettings = {
				ALWAYS_SEARCH_USER_PATHS = NO;
				CLANG_ANALYZER_NONNULL = YES;
				CLANG_ANALYZER_NUMBER_OBJECT_CONVERSION = YES_AGGRESSIVE;
				CLANG_CXX_LANGUAGE_STANDARD = "gnu++17";
				CLANG_CXX_LIBRARY = "libc++";
				CLANG_ENABLE_MODULES = YES;
				CLANG_ENABLE_OBJC_ARC = YES;
				CLANG_ENABLE_OBJC_WEAK = YES;
				CLANG_WARN_BLOCK_CAPTURE_AUTORELEASING = YES;
				CLANG_WARN_BOOL_CONVERSION = YES;
				CLANG_WARN_COMMA = YES;
				CLANG_WARN_CONSTANT_CONVERSION = YES;
				CLANG_WARN_DEPRECATED_OBJC_IMPLEMENTATIONS = YES;
				CLANG_WARN_DIRECT_OBJC_ISA_USAGE = YES_ERROR;
				CLANG_WARN_DOCUMENTATION_COMMENTS = YES;
				CLANG_WARN_EMPTY_BODY = YES;
				CLANG_WARN_ENUM_CONVERSION = YES;
				CLANG_WARN_INFINITE_RECURSION = YES;
				CLANG_WARN_INT_CONVERSION = YES;
				CLANG_WARN_NON_LITERAL_NULL_CONVERSION = YES;
				CLANG_WARN_OBJC_IMPLICIT_RETAIN_SELF = YES;
				CLANG_WARN_OBJC_LITERAL_CONVERSION = YES;
				CLANG_WARN_OBJC_ROOT_CLASS = YES_ERROR;
				CLANG_WARN_QUOTED_INCLUDE_IN_FRAMEWORK_HEADER = YES;
				CLANG_WARN_RANGE_LOOP_ANALYSIS = YES;
				CLANG_WARN_STRICT_PROTOTYPES = YES;
				CLANG_WARN_SUSPICIOUS_MOVE = YES;
				CLANG_WARN_UNGUARDED_AVAILABILITY = YES_AGGRESSIVE;
				CLANG_WARN_UNREACHABLE_CODE = YES;
				CLANG_WARN__DUPLICATE_METHOD_MATCH = YES;
				COPY_PHASE_STRIP = NO;
				DEBUG_INFORMATION_FORMAT = dwarf;
				ENABLE_STRICT_OBJC_MSGSEND = YES;
				ENABLE_TESTABILITY = YES;
				GCC_C_LANGUAGE_STANDARD = gnu11;
				GCC_DYNAMIC_NO_PIC = NO;
				GCC_NO_COMMON_BLOCKS = YES;
				GCC_OPTIMIZATION_LEVEL = 0;
				GCC_PREPROCESSOR_DEFINITIONS = (
					"DEBUG=1",
					"$(inherited)",
				);
				GCC_WARN_64_TO_32_BIT_CONVERSION = YES;
				GCC_WARN_ABOUT_RETURN_TYPE = YES_ERROR;
				GCC_WARN_UNDECLARED_SELECTOR = YES;
				GCC_WARN_UNINITIALIZED_AUTOS = YES_AGGRESSIVE;
				GCC_WARN_UNUSED_FUNCTION = YES;
				GCC_WARN_UNUSED_VARIABLE = YES;
				IPHONEOS_DEPLOYMENT_TARGET = 15.2;
				MTL_ENABLE_DEBUG_INFO = INCLUDE_SOURCE;
				MTL_FAST_MATH = YES;
				ONLY_ACTIVE_ARCH = YES;
				SDKROOT = iphoneos;
				SWIFT_ACTIVE_COMPILATION_CONDITIONS = DEBUG;
				SWIFT_OPTIMIZATION_LEVEL = "-Onone";
			};
			name = Debug;
		};
		7ABE00E5279844D600B60894 /* Release */ = {
			isa = XCBuildConfiguration;
			buildSettings = {
				ALWAYS_SEARCH_USER_PATHS = NO;
				CLANG_ANALYZER_NONNULL = YES;
				CLANG_ANALYZER_NUMBER_OBJECT_CONVERSION = YES_AGGRESSIVE;
				CLANG_CXX_LANGUAGE_STANDARD = "gnu++17";
				CLANG_CXX_LIBRARY = "libc++";
				CLANG_ENABLE_MODULES = YES;
				CLANG_ENABLE_OBJC_ARC = YES;
				CLANG_ENABLE_OBJC_WEAK = YES;
				CLANG_WARN_BLOCK_CAPTURE_AUTORELEASING = YES;
				CLANG_WARN_BOOL_CONVERSION = YES;
				CLANG_WARN_COMMA = YES;
				CLANG_WARN_CONSTANT_CONVERSION = YES;
				CLANG_WARN_DEPRECATED_OBJC_IMPLEMENTATIONS = YES;
				CLANG_WARN_DIRECT_OBJC_ISA_USAGE = YES_ERROR;
				CLANG_WARN_DOCUMENTATION_COMMENTS = YES;
				CLANG_WARN_EMPTY_BODY = YES;
				CLANG_WARN_ENUM_CONVERSION = YES;
				CLANG_WARN_INFINITE_RECURSION = YES;
				CLANG_WARN_INT_CONVERSION = YES;
				CLANG_WARN_NON_LITERAL_NULL_CONVERSION = YES;
				CLANG_WARN_OBJC_IMPLICIT_RETAIN_SELF = YES;
				CLANG_WARN_OBJC_LITERAL_CONVERSION = YES;
				CLANG_WARN_OBJC_ROOT_CLASS = YES_ERROR;
				CLANG_WARN_QUOTED_INCLUDE_IN_FRAMEWORK_HEADER = YES;
				CLANG_WARN_RANGE_LOOP_ANALYSIS = YES;
				CLANG_WARN_STRICT_PROTOTYPES = YES;
				CLANG_WARN_SUSPICIOUS_MOVE = YES;
				CLANG_WARN_UNGUARDED_AVAILABILITY = YES_AGGRESSIVE;
				CLANG_WARN_UNREACHABLE_CODE = YES;
				CLANG_WARN__DUPLICATE_METHOD_MATCH = YES;
				COPY_PHASE_STRIP = NO;
				DEBUG_INFORMATION_FORMAT = "dwarf-with-dsym";
				ENABLE_NS_ASSERTIONS = NO;
				ENABLE_STRICT_OBJC_MSGSEND = YES;
				GCC_C_LANGUAGE_STANDARD = gnu11;
				GCC_NO_COMMON_BLOCKS = YES;
				GCC_WARN_64_TO_32_BIT_CONVERSION = YES;
				GCC_WARN_ABOUT_RETURN_TYPE = YES_ERROR;
				GCC_WARN_UNDECLARED_SELECTOR = YES;
				GCC_WARN_UNINITIALIZED_AUTOS = YES_AGGRESSIVE;
				GCC_WARN_UNUSED_FUNCTION = YES;
				GCC_WARN_UNUSED_VARIABLE = YES;
				IPHONEOS_DEPLOYMENT_TARGET = 15.2;
				MTL_ENABLE_DEBUG_INFO = NO;
				MTL_FAST_MATH = YES;
				SDKROOT = iphoneos;
				SWIFT_COMPILATION_MODE = wholemodule;
				SWIFT_OPTIMIZATION_LEVEL = "-O";
				VALIDATE_PRODUCT = YES;
			};
			name = Release;
		};
		7ABE00E7279844D600B60894 /* Debug */ = {
			isa = XCBuildConfiguration;
			buildSettings = {
				ASSETCATALOG_COMPILER_APPICON_NAME = AppIcon;
				ASSETCATALOG_COMPILER_GLOBAL_ACCENT_COLOR_NAME = AccentColor;
				CODE_SIGN_STYLE = Automatic;
				CURRENT_PROJECT_VERSION = 1;
				DEVELOPMENT_ASSET_PATHS = "\"EventApp/Preview Content\"";
				ENABLE_PREVIEWS = YES;
				GENERATE_INFOPLIST_FILE = YES;
				INFOPLIST_KEY_UIApplicationSceneManifest_Generation = YES;
				INFOPLIST_KEY_UIApplicationSupportsIndirectInputEvents = YES;
				INFOPLIST_KEY_UILaunchScreen_Generation = YES;
				INFOPLIST_KEY_UISupportedInterfaceOrientations_iPad = "UIInterfaceOrientationPortrait UIInterfaceOrientationPortraitUpsideDown UIInterfaceOrientationLandscapeLeft UIInterfaceOrientationLandscapeRight";
				INFOPLIST_KEY_UISupportedInterfaceOrientations_iPhone = "UIInterfaceOrientationPortrait UIInterfaceOrientationLandscapeLeft UIInterfaceOrientationLandscapeRight";
				LD_RUNPATH_SEARCH_PATHS = (
					"$(inherited)",
					"@executable_path/Frameworks",
				);
				MARKETING_VERSION = 1.0;
				PRODUCT_BUNDLE_IDENTIFIER = com.Arwa.EventApp;
				PRODUCT_NAME = "$(TARGET_NAME)";
				SWIFT_EMIT_LOC_STRINGS = YES;
				SWIFT_VERSION = 5.0;
				TARGETED_DEVICE_FAMILY = "1,2";
			};
			name = Debug;
		};
		7ABE00E8279844D600B60894 /* Release */ = {
			isa = XCBuildConfiguration;
			buildSettings = {
				ASSETCATALOG_COMPILER_APPICON_NAME = AppIcon;
				ASSETCATALOG_COMPILER_GLOBAL_ACCENT_COLOR_NAME = AccentColor;
				CODE_SIGN_STYLE = Automatic;
				CURRENT_PROJECT_VERSION = 1;
				DEVELOPMENT_ASSET_PATHS = "\"EventApp/Preview Content\"";
				ENABLE_PREVIEWS = YES;
				GENERATE_INFOPLIST_FILE = YES;
				INFOPLIST_KEY_UIApplicationSceneManifest_Generation = YES;
				INFOPLIST_KEY_UIApplicationSupportsIndirectInputEvents = YES;
				INFOPLIST_KEY_UILaunchScreen_Generation = YES;
				INFOPLIST_KEY_UISupportedInterfaceOrientations_iPad = "UIInterfaceOrientationPortrait UIInterfaceOrientationPortraitUpsideDown UIInterfaceOrientationLandscapeLeft UIInterfaceOrientationLandscapeRight";
				INFOPLIST_KEY_UISupportedInterfaceOrientations_iPhone = "UIInterfaceOrientationPortrait UIInterfaceOrientationLandscapeLeft UIInterfaceOrientationLandscapeRight";
				LD_RUNPATH_SEARCH_PATHS = (
					"$(inherited)",
					"@executable_path/Frameworks",
				);
				MARKETING_VERSION = 1.0;
				PRODUCT_BUNDLE_IDENTIFIER = com.Arwa.EventApp;
				PRODUCT_NAME = "$(TARGET_NAME)";
				SWIFT_EMIT_LOC_STRINGS = YES;
				SWIFT_VERSION = 5.0;
				TARGETED_DEVICE_FAMILY = "1,2";
			};
			name = Release;
		};
/* End XCBuildConfiguration section */

/* Begin XCConfigurationList section */
		7ABE00D3279844D400B60894 /* Build configuration list for PBXProject "EventApp" */ = {
			isa = XCConfigurationList;
			buildConfigurations = (
				7ABE00E4279844D600B60894 /* Debug */,
				7ABE00E5279844D600B60894 /* Release */,
			);
			defaultConfigurationIsVisible = 0;
			defaultConfigurationName = Release;
		};
		7ABE00E6279844D600B60894 /* Build configuration list for PBXNativeTarget "EventApp" */ = {
			isa = XCConfigurationList;
			buildConfigurations = (
				7ABE00E7279844D600B60894 /* Debug */,
				7ABE00E8279844D600B60894 /* Release */,
			);
			defaultConfigurationIsVisible = 0;
			defaultConfigurationName = Release;
		};
/* End XCConfigurationList section */
	};
	rootObject = 7ABE00D0279844D400B60894 /* Project object */;
}
